// !$*UTF8*$!
{
	archiveVersion = 1;
	classes = {
	};
	objectVersion = 50;
	objects = {

/* Begin PBXBuildFile section */
		E6DA88C1212E8D7D00A90170 /* Info.plist in Resources */ = {isa = PBXBuildFile; fileRef = E6DA88C0212E8D7D00A90170 /* Info.plist */; };
		E6E8BF6F211980AA0088E407 /* GDPerformanceView.h in Headers */ = {isa = PBXBuildFile; fileRef = E6E8BF66211980AA0088E407 /* GDPerformanceView.h */; };
		E6E8BF70211980AA0088E407 /* GDMarginLabel.h in Headers */ = {isa = PBXBuildFile; fileRef = E6E8BF67211980AA0088E407 /* GDMarginLabel.h */; };
		E6E8BF71211980AA0088E407 /* GDPerformanceMonitor.h in Headers */ = {isa = PBXBuildFile; fileRef = E6E8BF68211980AA0088E407 /* GDPerformanceMonitor.h */; };
		E6E8BF72211980AA0088E407 /* GDWindowViewController.h in Headers */ = {isa = PBXBuildFile; fileRef = E6E8BF69211980AA0088E407 /* GDWindowViewController.h */; };
		E6E8BF73211980AA0088E407 /* GDPerformanceMonitorProtocol.h in Headers */ = {isa = PBXBuildFile; fileRef = E6E8BF6A211980AA0088E407 /* GDPerformanceMonitorProtocol.h */; };
		E6E8BF74211980AA0088E407 /* GDPerformanceView.m in Sources */ = {isa = PBXBuildFile; fileRef = E6E8BF6B211980AA0088E407 /* GDPerformanceView.m */; };
		E6E8BF75211980AA0088E407 /* GDPerformanceMonitor.m in Sources */ = {isa = PBXBuildFile; fileRef = E6E8BF6C211980AA0088E407 /* GDPerformanceMonitor.m */; };
		E6E8BF76211980AA0088E407 /* GDMarginLabel.m in Sources */ = {isa = PBXBuildFile; fileRef = E6E8BF6D211980AA0088E407 /* GDMarginLabel.m */; };
		E6E8BF77211980AA0088E407 /* GDWindowViewController.m in Sources */ = {isa = PBXBuildFile; fileRef = E6E8BF6E211980AA0088E407 /* GDWindowViewController.m */; };
/* End PBXBuildFile section */

/* Begin PBXFileReference section */
		E6DA88C0212E8D7D00A90170 /* Info.plist */ = {isa = PBXFileReference; fileEncoding = 4; lastKnownFileType = text.plist.xml; path = Info.plist; sourceTree = "<group>"; };
		E6E8BF4B211980490088E407 /* GDPerformaceView.framework */ = {isa = PBXFileReference; explicitFileType = wrapper.framework; includeInIndex = 0; path = GDPerformaceView.framework; sourceTree = BUILT_PRODUCTS_DIR; };
		E6E8BF66211980AA0088E407 /* GDPerformanceView.h */ = {isa = PBXFileReference; fileEncoding = 4; lastKnownFileType = sourcecode.c.h; path = GDPerformanceView.h; sourceTree = "<group>"; };
		E6E8BF67211980AA0088E407 /* GDMarginLabel.h */ = {isa = PBXFileReference; fileEncoding = 4; lastKnownFileType = sourcecode.c.h; path = GDMarginLabel.h; sourceTree = "<group>"; };
		E6E8BF68211980AA0088E407 /* GDPerformanceMonitor.h */ = {isa = PBXFileReference; fileEncoding = 4; lastKnownFileType = sourcecode.c.h; path = GDPerformanceMonitor.h; sourceTree = "<group>"; };
		E6E8BF69211980AA0088E407 /* GDWindowViewController.h */ = {isa = PBXFileReference; fileEncoding = 4; lastKnownFileType = sourcecode.c.h; path = GDWindowViewController.h; sourceTree = "<group>"; };
		E6E8BF6A211980AA0088E407 /* GDPerformanceMonitorProtocol.h */ = {isa = PBXFileReference; fileEncoding = 4; lastKnownFileType = sourcecode.c.h; path = GDPerformanceMonitorProtocol.h; sourceTree = "<group>"; };
		E6E8BF6B211980AA0088E407 /* GDPerformanceView.m */ = {isa = PBXFileReference; fileEncoding = 4; lastKnownFileType = sourcecode.c.objc; path = GDPerformanceView.m; sourceTree = "<group>"; };
		E6E8BF6C211980AA0088E407 /* GDPerformanceMonitor.m */ = {isa = PBXFileReference; fileEncoding = 4; lastKnownFileType = sourcecode.c.objc; path = GDPerformanceMonitor.m; sourceTree = "<group>"; };
		E6E8BF6D211980AA0088E407 /* GDMarginLabel.m */ = {isa = PBXFileReference; fileEncoding = 4; lastKnownFileType = sourcecode.c.objc; path = GDMarginLabel.m; sourceTree = "<group>"; };
		E6E8BF6E211980AA0088E407 /* GDWindowViewController.m */ = {isa = PBXFileReference; fileEncoding = 4; lastKnownFileType = sourcecode.c.objc; path = GDWindowViewController.m; sourceTree = "<group>"; };
/* End PBXFileReference section */

/* Begin PBXFrameworksBuildPhase section */
		E6E8BF47211980490088E407 /* Frameworks */ = {
			isa = PBXFrameworksBuildPhase;
			buildActionMask = 2147483647;
			files = (
			);
			runOnlyForDeploymentPostprocessing = 0;
		};
/* End PBXFrameworksBuildPhase section */

/* Begin PBXGroup section */
		E6E8BF41211980490088E407 = {
			isa = PBXGroup;
			children = (
				E6E8BF65211980AA0088E407 /* GDPerformanceMonitoring */,
				E6E8BF4C211980490088E407 /* Products */,
			);
			sourceTree = "<group>";
		};
		E6E8BF4C211980490088E407 /* Products */ = {
			isa = PBXGroup;
			children = (
				E6E8BF4B211980490088E407 /* GDPerformaceView.framework */,
			);
			name = Products;
			sourceTree = "<group>";
		};
		E6E8BF65211980AA0088E407 /* GDPerformanceMonitoring */ = {
			isa = PBXGroup;
			children = (
				E6DA88C0212E8D7D00A90170 /* Info.plist */,
				E6E8BF66211980AA0088E407 /* GDPerformanceView.h */,
				E6E8BF67211980AA0088E407 /* GDMarginLabel.h */,
				E6E8BF68211980AA0088E407 /* GDPerformanceMonitor.h */,
				E6E8BF69211980AA0088E407 /* GDWindowViewController.h */,
				E6E8BF6A211980AA0088E407 /* GDPerformanceMonitorProtocol.h */,
				E6E8BF6B211980AA0088E407 /* GDPerformanceView.m */,
				E6E8BF6C211980AA0088E407 /* GDPerformanceMonitor.m */,
				E6E8BF6D211980AA0088E407 /* GDMarginLabel.m */,
				E6E8BF6E211980AA0088E407 /* GDWindowViewController.m */,
			);
			name = GDPerformanceMonitoring;
			path = GDPerformanceView/GDPerformanceMonitoring;
			sourceTree = "<group>";
		};
/* End PBXGroup section */

/* Begin PBXHeadersBuildPhase section */
		E6E8BF48211980490088E407 /* Headers */ = {
			isa = PBXHeadersBuildPhase;
			buildActionMask = 2147483647;
			files = (
				E6E8BF72211980AA0088E407 /* GDWindowViewController.h in Headers */,
				E6E8BF71211980AA0088E407 /* GDPerformanceMonitor.h in Headers */,
				E6E8BF70211980AA0088E407 /* GDMarginLabel.h in Headers */,
				E6E8BF6F211980AA0088E407 /* GDPerformanceView.h in Headers */,
				E6E8BF73211980AA0088E407 /* GDPerformanceMonitorProtocol.h in Headers */,
			);
			runOnlyForDeploymentPostprocessing = 0;
		};
/* End PBXHeadersBuildPhase section */

/* Begin PBXNativeTarget section */
		E6E8BF4A211980490088E407 /* GDPerformaceView */ = {
			isa = PBXNativeTarget;
			buildConfigurationList = E6E8BF5F211980490088E407 /* Build configuration list for PBXNativeTarget "GDPerformaceView" */;
			buildPhases = (
				E6E8BF46211980490088E407 /* Sources */,
				E6E8BF47211980490088E407 /* Frameworks */,
				E6E8BF48211980490088E407 /* Headers */,
				E6E8BF49211980490088E407 /* Resources */,
			);
			buildRules = (
			);
			dependencies = (
			);
			name = GDPerformaceView;
			productName = GDPerformaceView;
			productReference = E6E8BF4B211980490088E407 /* GDPerformaceView.framework */;
			productType = "com.apple.product-type.framework";
		};
/* End PBXNativeTarget section */

/* Begin PBXProject section */
		E6E8BF42211980490088E407 /* Project object */ = {
			isa = PBXProject;
			attributes = {
				LastUpgradeCheck = 0940;
				ORGANIZATIONNAME = "华振宇";
				TargetAttributes = {
					E6E8BF4A211980490088E407 = {
						CreatedOnToolsVersion = 9.4.1;
					};
				};
			};
			buildConfigurationList = E6E8BF45211980490088E407 /* Build configuration list for PBXProject "GDPerformanceView" */;
			compatibilityVersion = "Xcode 9.3";
			developmentRegion = en;
			hasScannedForEncodings = 0;
			knownRegions = (
				en,
			);
			mainGroup = E6E8BF41211980490088E407;
			productRefGroup = E6E8BF4C211980490088E407 /* Products */;
			projectDirPath = "";
			projectRoot = "";
			targets = (
				E6E8BF4A211980490088E407 /* GDPerformaceView */,
			);
		};
/* End PBXProject section */

/* Begin PBXResourcesBuildPhase section */
		E6E8BF49211980490088E407 /* Resources */ = {
			isa = PBXResourcesBuildPhase;
			buildActionMask = 2147483647;
			files = (
				E6DA88C1212E8D7D00A90170 /* Info.plist in Resources */,
			);
			runOnlyForDeploymentPostprocessing = 0;
		};
/* End PBXResourcesBuildPhase section */

/* Begin PBXSourcesBuildPhase section */
		E6E8BF46211980490088E407 /* Sources */ = {
			isa = PBXSourcesBuildPhase;
			buildActionMask = 2147483647;
			files = (
				E6E8BF75211980AA0088E407 /* GDPerformanceMonitor.m in Sources */,
				E6E8BF77211980AA0088E407 /* GDWindowViewController.m in Sources */,
				E6E8BF74211980AA0088E407 /* GDPerformanceView.m in Sources */,
				E6E8BF76211980AA0088E407 /* GDMarginLabel.m in Sources */,
			);
			runOnlyForDeploymentPostprocessing = 0;
		};
/* End PBXSourcesBuildPhase section */

/* Begin XCBuildConfiguration section */
		E6E8BF5D211980490088E407 /* Debug */ = {
			isa = XCBuildConfiguration;
			buildSettings = {
				ALWAYS_SEARCH_USER_PATHS = NO;
				CLANG_ANALYZER_NONNULL = YES;
				CLANG_ANALYZER_NUMBER_OBJECT_CONVERSION = YES_AGGRESSIVE;
				CLANG_CXX_LANGUAGE_STANDARD = "gnu++14";
				CLANG_CXX_LIBRARY = "libc++";
				CLANG_ENABLE_MODULES = YES;
				CLANG_ENABLE_OBJC_ARC = YES;
				CLANG_ENABLE_OBJC_WEAK = YES;
				CLANG_WARN_BLOCK_CAPTURE_AUTORELEASING = YES;
				CLANG_WARN_BOOL_CONVERSION = YES;
				CLANG_WARN_COMMA = YES;
				CLANG_WARN_CONSTANT_CONVERSION = YES;
				CLANG_WARN_DEPRECATED_OBJC_IMPLEMENTATIONS = YES;
				CLANG_WARN_DIRECT_OBJC_ISA_USAGE = YES_ERROR;
				CLANG_WARN_DOCUMENTATION_COMMENTS = YES;
				CLANG_WARN_EMPTY_BODY = YES;
				CLANG_WARN_ENUM_CONVERSION = YES;
				CLANG_WARN_INFINITE_RECURSION = YES;
				CLANG_WARN_INT_CONVERSION = YES;
				CLANG_WARN_NON_LITERAL_NULL_CONVERSION = YES;
				CLANG_WARN_OBJC_IMPLICIT_RETAIN_SELF = YES;
				CLANG_WARN_OBJC_LITERAL_CONVERSION = YES;
				CLANG_WARN_OBJC_ROOT_CLASS = YES_ERROR;
				CLANG_WARN_RANGE_LOOP_ANALYSIS = YES;
				CLANG_WARN_STRICT_PROTOTYPES = YES;
				CLANG_WARN_SUSPICIOUS_MOVE = YES;
				CLANG_WARN_UNGUARDED_AVAILABILITY = YES_AGGRESSIVE;
				CLANG_WARN_UNREACHABLE_CODE = YES;
				CLANG_WARN__DUPLICATE_METHOD_MATCH = YES;
				CODE_SIGN_IDENTITY = "";
				"CODE_SIGN_IDENTITY[sdk=iphoneos*]" = "iPhone Developer";
				COPY_PHASE_STRIP = NO;
				CURRENT_PROJECT_VERSION = 1;
				DEBUG_INFORMATION_FORMAT = dwarf;
				ENABLE_STRICT_OBJC_MSGSEND = YES;
				ENABLE_TESTABILITY = YES;
				GCC_C_LANGUAGE_STANDARD = gnu11;
				GCC_DYNAMIC_NO_PIC = NO;
				GCC_NO_COMMON_BLOCKS = YES;
				GCC_OPTIMIZATION_LEVEL = 0;
				GCC_PREPROCESSOR_DEFINITIONS = (
					"DEBUG=1",
					"$(inherited)",
				);
				GCC_WARN_64_TO_32_BIT_CONVERSION = YES;
				GCC_WARN_ABOUT_RETURN_TYPE = YES_ERROR;
				GCC_WARN_UNDECLARED_SELECTOR = YES;
				GCC_WARN_UNINITIALIZED_AUTOS = YES_AGGRESSIVE;
				GCC_WARN_UNUSED_FUNCTION = YES;
				GCC_WARN_UNUSED_VARIABLE = YES;
				IPHONEOS_DEPLOYMENT_TARGET = 8.0;
				MTL_ENABLE_DEBUG_INFO = YES;
				ONLY_ACTIVE_ARCH = YES;
				SDKROOT = iphoneos;
				VERSIONING_SYSTEM = "apple-generic";
				VERSION_INFO_PREFIX = "";
			};
			name = Debug;
		};
		E6E8BF5E211980490088E407 /* Release */ = {
			isa = XCBuildConfiguration;
			buildSettings = {
				ALWAYS_SEARCH_USER_PATHS = NO;
				CLANG_ANALYZER_NONNULL = YES;
				CLANG_ANALYZER_NUMBER_OBJECT_CONVERSION = YES_AGGRESSIVE;
				CLANG_CXX_LANGUAGE_STANDARD = "gnu++14";
				CLANG_CXX_LIBRARY = "libc++";
				CLANG_ENABLE_MODULES = YES;
				CLANG_ENABLE_OBJC_ARC = YES;
				CLANG_ENABLE_OBJC_WEAK = YES;
				CLANG_WARN_BLOCK_CAPTURE_AUTORELEASING = YES;
				CLANG_WARN_BOOL_CONVERSION = YES;
				CLANG_WARN_COMMA = YES;
				CLANG_WARN_CONSTANT_CONVERSION = YES;
				CLANG_WARN_DEPRECATED_OBJC_IMPLEMENTATIONS = YES;
				CLANG_WARN_DIRECT_OBJC_ISA_USAGE = YES_ERROR;
				CLANG_WARN_DOCUMENTATION_COMMENTS = YES;
				CLANG_WARN_EMPTY_BODY = YES;
				CLANG_WARN_ENUM_CONVERSION = YES;
				CLANG_WARN_INFINITE_RECURSION = YES;
				CLANG_WARN_INT_CONVERSION = YES;
				CLANG_WARN_NON_LITERAL_NULL_CONVERSION = YES;
				CLANG_WARN_OBJC_IMPLICIT_RETAIN_SELF = YES;
				CLANG_WARN_OBJC_LITERAL_CONVERSION = YES;
				CLANG_WARN_OBJC_ROOT_CLASS = YES_ERROR;
				CLANG_WARN_RANGE_LOOP_ANALYSIS = YES;
				CLANG_WARN_STRICT_PROTOTYPES = YES;
				CLANG_WARN_SUSPICIOUS_MOVE = YES;
				CLANG_WARN_UNGUARDED_AVAILABILITY = YES_AGGRESSIVE;
				CLANG_WARN_UNREACHABLE_CODE = YES;
				CLANG_WARN__DUPLICATE_METHOD_MATCH = YES;
				CODE_SIGN_IDENTITY = "";
				"CODE_SIGN_IDENTITY[sdk=iphoneos*]" = "iPhone Developer";
				COPY_PHASE_STRIP = NO;
				CURRENT_PROJECT_VERSION = 1;
				DEBUG_INFORMATION_FORMAT = "dwarf-with-dsym";
				ENABLE_NS_ASSERTIONS = NO;
				ENABLE_STRICT_OBJC_MSGSEND = YES;
				GCC_C_LANGUAGE_STANDARD = gnu11;
				GCC_NO_COMMON_BLOCKS = YES;
				GCC_WARN_64_TO_32_BIT_CONVERSION = YES;
				GCC_WARN_ABOUT_RETURN_TYPE = YES_ERROR;
				GCC_WARN_UNDECLARED_SELECTOR = YES;
				GCC_WARN_UNINITIALIZED_AUTOS = YES_AGGRESSIVE;
				GCC_WARN_UNUSED_FUNCTION = YES;
				GCC_WARN_UNUSED_VARIABLE = YES;
				IPHONEOS_DEPLOYMENT_TARGET = 8.0;
				MTL_ENABLE_DEBUG_INFO = NO;
				SDKROOT = iphoneos;
				VALIDATE_PRODUCT = YES;
				VERSIONING_SYSTEM = "apple-generic";
				VERSION_INFO_PREFIX = "";
			};
			name = Release;
		};
		E6E8BF60211980490088E407 /* Debug */ = {
			isa = XCBuildConfiguration;
			buildSettings = {
				CODE_SIGN_IDENTITY = "";
				CODE_SIGN_STYLE = Manual;
				DEFINES_MODULE = YES;
				DEVELOPMENT_TEAM = "";
				DYLIB_COMPATIBILITY_VERSION = 1;
				DYLIB_CURRENT_VERSION = 1;
				DYLIB_INSTALL_NAME_BASE = "@rpath";
				INFOPLIST_FILE = GDPerformanceView/GDPerformanceMonitoring/Info.plist;
				INSTALL_PATH = "$(LOCAL_LIBRARY_DIR)/Frameworks";
				LD_RUNPATH_SEARCH_PATHS = (
					"$(inherited)",
					"@executable_path/Frameworks",
					"@loader_path/Frameworks",
				);
				PRODUCT_BUNDLE_IDENTIFIER = org.huayu.GDPerformaceView;
				PRODUCT_NAME = "$(TARGET_NAME:c99extidentifier)";
				PROVISIONING_PROFILE_SPECIFIER = "";
				SKIP_INSTALL = YES;
				TARGETED_DEVICE_FAMILY = "1,2";
			};
			name = Debug;
		};
		E6E8BF61211980490088E407 /* Release */ = {
			isa = XCBuildConfiguration;
			buildSettings = {
				CODE_SIGN_IDENTITY = "";
				CODE_SIGN_STYLE = Manual;
				DEFINES_MODULE = YES;
				DEVELOPMENT_TEAM = "";
				DYLIB_COMPATIBILITY_VERSION = 1;
				DYLIB_CURRENT_VERSION = 1;
				DYLIB_INSTALL_NAME_BASE = "@rpath";
				INFOPLIST_FILE = GDPerformanceView/GDPerformanceMonitoring/Info.plist;
				INSTALL_PATH = "$(LOCAL_LIBRARY_DIR)/Frameworks";
				LD_RUNPATH_SEARCH_PATHS = (
					"$(inherited)",
					"@executable_path/Frameworks",
					"@loader_path/Frameworks",
				);
				PRODUCT_BUNDLE_IDENTIFIER = org.huayu.GDPerformaceView;
				PRODUCT_NAME = "$(TARGET_NAME:c99extidentifier)";
				PROVISIONING_PROFILE_SPECIFIER = "";
				SKIP_INSTALL = YES;
				TARGETED_DEVICE_FAMILY = "1,2";
			};
			name = Release;
		};
/* End XCBuildConfiguration section */

/* Begin XCConfigurationList section */
		E6E8BF45211980490088E407 /* Build configuration list for PBXProject "GDPerformanceView" */ = {
			isa = XCConfigurationList;
			buildConfigurations = (
				E6E8BF5D211980490088E407 /* Debug */,
				E6E8BF5E211980490088E407 /* Release */,
			);
			defaultConfigurationIsVisible = 0;
			defaultConfigurationName = Release;
		};
		E6E8BF5F211980490088E407 /* Build configuration list for PBXNativeTarget "GDPerformaceView" */ = {
			isa = XCConfigurationList;
			buildConfigurations = (
				E6E8BF60211980490088E407 /* Debug */,
				E6E8BF61211980490088E407 /* Release */,
			);
			defaultConfigurationIsVisible = 0;
			defaultConfigurationName = Release;
		};
/* End XCConfigurationList section */
	};
	rootObject = E6E8BF42211980490088E407 /* Project object */;
}
